
Microsoft Visual Studio Solution File, Format Version 12.00
# Visual Studio Version 16
VisualStudioVersion = 16.0.33920.266
MinimumVisualStudioVersion = 10.0.40219.1
Project("{FAE04EC0-301F-11D3-BF4B-00C04F79EFBC}") = "PT.MODEL", "PT.MODEL\PT.MODEL.csproj", "{C3169EB8-D233-4DE6-A797-C6989F228453}"
EndProject
Project("{FAE04EC0-301F-11D3-BF4B-00C04F79EFBC}") = "PT.DATAACCES", "PT.DATAACCES\PT.DATAACCES.csproj", "{9045F3EF-740B-44D6-A121-BC71C66E227E}"
EndProject
Project("{FAE04EC0-301F-11D3-BF4B-00C04F79EFBC}") = "ConsoleApp1", "ConsoleApp1\ConsoleApp1.csproj", "{84755951-4E69-4C6B-9314-2B34A723547E}"
EndProject
Global
	GlobalSection(SolutionConfigurationPlatforms) = preSolution
		Debug|Any CPU = Debug|Any CPU
		Release|Any CPU = Release|Any CPU
	EndGlobalSection
	GlobalSection(ProjectConfigurationPlatforms) = postSolution
		{C3169EB8-D233-4DE6-A797-C6989F228453}.Debug|Any CPU.ActiveCfg = Debug|Any CPU
		{C3169EB8-D233-4DE6-A797-C6989F228453}.Debug|Any CPU.Build.0 = Debug|Any CPU
		{C3169EB8-D233-4DE6-A797-C6989F228453}.Release|Any CPU.ActiveCfg = Release|Any CPU
		{C3169EB8-D233-4DE6-A797-C6989F228453}.Release|Any CPU.Build.0 = Release|Any CPU
		{9045F3EF-740B-44D6-A121-BC71C66E227E}.Debug|Any CPU.ActiveCfg = Debug|Any CPU
		{9045F3EF-740B-44D6-A121-BC71C66E227E}.Debug|Any CPU.Build.0 = Debug|Any CPU
		{9045F3EF-740B-44D6-A121-BC71C66E227E}.Release|Any CPU.ActiveCfg = Release|Any CPU
		{9045F3EF-740B-44D6-A121-BC71C66E227E}.Release|Any CPU.Build.0 = Release|Any CPU
		{84755951-4E69-4C6B-9314-2B34A723547E}.Debug|Any CPU.ActiveCfg = Debug|Any CPU
		{84755951-4E69-4C6B-9314-2B34A723547E}.Debug|Any CPU.Build.0 = Debug|Any CPU
		{84755951-4E69-4C6B-9314-2B34A723547E}.Release|Any CPU.ActiveCfg = Release|Any CPU
		{84755951-4E69-4C6B-9314-2B34A723547E}.Release|Any CPU.Build.0 = Release|Any CPU
	EndGlobalSection
	GlobalSection(SolutionProperties) = preSolution
		HideSolutionNode = FALSE
	EndGlobalSection
	GlobalSection(ExtensibilityGlobals) = postSolution
		SolutionGuid = {03B8FA90-7CB9-455F-878C-87FBCAC53DA4}
	EndGlobalSection
EndGlobal
